{
    "_readme": [
        "This file locks the dependencies of your project to a known state",
        "Read more about it at http://getcomposer.org/doc/01-basic-usage.md#composer-lock-the-lock-file",
        "This file is @generated automatically"
    ],
    "hash": "76150a2b52c4e72e859d246c4df8134d",
    "packages": [
        {
            "name": "koala-framework/composer-extra-assets",
            "version": "dev-master",
            "source": {
                "type": "git",
                "url": "https://github.com/koala-framework/composer-extra-assets.git",
                "reference": "928695baebee8b0a2cc5ad233f4824a1155365fe"
            },
            "dist": {
                "type": "zip",
                "url": "https://api.github.com/repos/koala-framework/composer-extra-assets/zipball/928695baebee8b0a2cc5ad233f4824a1155365fe",
                "reference": "928695baebee8b0a2cc5ad233f4824a1155365fe",
                "shasum": ""
            },
            "require": {
                "composer-plugin-api": "1.0.0"
            },
            "type": "composer-plugin",
            "extra": {
                "class": "Kwf\\ComposerExtraAssets\\Plugin",
                "branch-alias": {
                    "dev-master": "1.0-dev"
                }
            },
            "autoload": {
                "psr-4": {
                    "Kwf\\ComposerExtraAssets\\": "Kwf/ComposerExtraAssets"
                }
            },
            "notification-url": "https://packagist.org/downloads/",
            "license": [
                "BSD-2-Clause"
            ],
            "description": "Composer Plugin for installing Assets using native npm/bower",
            "homepage": "https://github.com/koala-framework/composer-extra-assets",
            "time": "2014-12-22 19:30:09"
        },
        {
            "name": "nikic/php-parser",
            "version": "v1.0.2",
            "source": {
                "type": "git",
                "url": "https://github.com/nikic/PHP-Parser.git",
                "reference": "a8ffc6fcfcbae268656c8acf1298e378ac1ee5f1"
            },
            "dist": {
                "type": "zip",
                "url": "https://api.github.com/repos/nikic/PHP-Parser/zipball/a8ffc6fcfcbae268656c8acf1298e378ac1ee5f1",
                "reference": "a8ffc6fcfcbae268656c8acf1298e378ac1ee5f1",
                "shasum": ""
            },
            "require": {
                "ext-tokenizer": "*",
                "php": ">=5.3"
            },
            "type": "library",
            "extra": {
                "branch-alias": {
                    "dev-master": "1.0-dev"
                }
            },
            "autoload": {
                "files": [
                    "lib/bootstrap.php"
                ]
            },
            "notification-url": "https://packagist.org/downloads/",
            "license": [
                "BSD-3-Clause"
            ],
            "authors": [
                {
                    "name": "Nikita Popov"
                }
            ],
            "description": "A PHP parser written in PHP",
            "keywords": [
                "parser",
                "php"
            ],
            "time": "2014-11-04 22:12:46"
        },
        {
            "name": "sepia/po-parser",
            "version": "dev-master",
            "source": {
                "type": "git",
                "url": "https://github.com/Ben-Ho/PHP-po-parser.git",
                "reference": "3e72c3e4db997b1509d9b9598d56b96de96b70fa"
            },
            "dist": {
                "type": "zip",
                "url": "https://api.github.com/repos/Ben-Ho/PHP-po-parser/zipball/3e72c3e4db997b1509d9b9598d56b96de96b70fa",
                "reference": "3e72c3e4db997b1509d9b9598d56b96de96b70fa",
                "shasum": ""
            },
            "require": {
                "php": ">=5.3.0"
            },
            "require-dev": {
                "phpunit/phpunit": "3.7.*",
                "squizlabs/php_codesniffer": "1.5.*"
            },
            "type": "library",
            "autoload": {
                "psr-0": {
                    "Sepia": "src/"
                }
            },
            "license": [
                "MIT"
            ],
            "authors": [
                {
                    "name": "Raúl Ferràs",
                    "email": "raul.ferras@gmail.com",
                    "role": "developer"
                }
            ],
            "description": "Gettext *.PO file parser for PHP.",
            "homepage": "https://github.com/raulferras/PHP-po-parser",
            "keywords": [
                "gettext",
                "i10n",
                "i18n",
                "po"
            ],
            "support": {
                "issues": "https://github.com/raulferras/PHP-po-parser/issues",
                "source": "https://github.com/Ben-Ho/PHP-po-parser/tree/4.1.1"
            },
            "time": "2014-10-31 08:40:22"
        },
        {
            "name": "symfony/console",
            "version": "v2.5.6",
            "target-dir": "Symfony/Component/Console",
            "source": {
                "type": "git",
                "url": "https://github.com/symfony/Console.git",
                "reference": "6f177fca24200a5b97aef5ce7a5c98124a0f0db0"
            },
            "dist": {
                "type": "zip",
                "url": "https://api.github.com/repos/symfony/Console/zipball/6f177fca24200a5b97aef5ce7a5c98124a0f0db0",
                "reference": "6f177fca24200a5b97aef5ce7a5c98124a0f0db0",
                "shasum": ""
            },
            "require": {
                "php": ">=5.3.3"
            },
            "require-dev": {
                "psr/log": "~1.0",
                "symfony/event-dispatcher": "~2.1"
            },
            "suggest": {
                "psr/log": "For using the console logger",
                "symfony/event-dispatcher": ""
            },
            "type": "library",
            "extra": {
                "branch-alias": {
                    "dev-master": "2.5-dev"
                }
            },
            "autoload": {
                "psr-0": {
                    "Symfony\\Component\\Console\\": ""
                }
            },
            "notification-url": "https://packagist.org/downloads/",
            "license": [
                "MIT"
            ],
            "authors": [
                {
                    "name": "Symfony Community",
                    "homepage": "http://symfony.com/contributors"
                },
                {
                    "name": "Fabien Potencier",
                    "email": "fabien@symfony.com"
                }
            ],
            "description": "Symfony Console Component",
            "homepage": "http://symfony.com",
            "time": "2014-10-05 13:57:04"
        }
    ],
    "packages-dev": [],
    "aliases": [],
    "minimum-stability": "stable",
    "stability-flags": {
        "sepia/po-parser": 20,
        "koala-framework/composer-extra-assets": 20
    },
    "prefer-stable": false,
    "platform": [],
    "platform-dev": []
}
